{
  "name": "pwi",
  "version": "1.0.0",
  "lockfileVersion": 1,
  "requires": true,
  "dependencies": {
    "polkadot-web-identicon": {
      "version": "1.0.3-rc2",
      "resolved": "https://registry.npmjs.org/polkadot-web-identicon/-/polkadot-web-identicon-1.0.3-rc2.tgz",
      "integrity": "sha512-auXE7lPwVnIRRH1U9AWcbLOEvE7WGfEeG8FspmoWiZg9xahQFcVSSBHBCMrKpD6pyv/H7XATl3clwUSySKe4FA=="
    }
  }
}
