{
  "name": "pwi",
  "version": "1.0.0",
  "lockfileVersion": 1,
  "requires": true,
  "dependencies": {
    "polkadot-web-identicon": {
      "version": "1.0.4-rc1",
      "resolved": "https://registry.npmjs.org/polkadot-web-identicon/-/polkadot-web-identicon-1.0.4-rc1.tgz",
      "integrity": "sha512-TbHlK/Z4nNhdPdfM6fQzcZlce+qnMdpmPXDTSpYy6x/bxjDLWAQbyeDxpYy6lB3+L8fCJVplz7WwDJ5s1fQxRA==",
      "requires": {
        "polkadot-web-identicon-vendor": "~1.0.4-rc1"
      }
    },
    "polkadot-web-identicon-vendor": {
      "version": "1.0.4-rc1",
      "resolved": "https://registry.npmjs.org/polkadot-web-identicon-vendor/-/polkadot-web-identicon-vendor-1.0.4-rc1.tgz",
      "integrity": "sha512-WhXa2oD55cZbDDtKT3P8hRonmvNV1F+TaY/x8HpjrPFXcnJR9ThwoHa2DaMWCyKypLvStCliW2AQVJOaT4Mc6g=="
    }
  }
}
